// !$*UTF8*$!
{
	archiveVersion = 1;
	classes = {
	};
	objectVersion = 46;
	objects = {

/* Begin PBXBuildFile section */
		27DCAB502910493B8C61C00E /* Pods_BillSplit.framework in Frameworks */ = {isa = PBXBuildFile; fileRef = 59B04668E74B7AE648E89B43 /* Pods_BillSplit.framework */; };
		A30606BB1EE616F60036FEDA /* AppDelegate.swift in Sources */ = {isa = PBXBuildFile; fileRef = A30606BA1EE616F60036FEDA /* AppDelegate.swift */; };
		A30606C01EE616F60036FEDA /* Main.storyboard in Resources */ = {isa = PBXBuildFile; fileRef = A30606BE1EE616F60036FEDA /* Main.storyboard */; };
		A30606C21EE616F60036FEDA /* Assets.xcassets in Resources */ = {isa = PBXBuildFile; fileRef = A30606C11EE616F60036FEDA /* Assets.xcassets */; };
		A30606C51EE616F60036FEDA /* LaunchScreen.storyboard in Resources */ = {isa = PBXBuildFile; fileRef = A30606C31EE616F60036FEDA /* LaunchScreen.storyboard */; };
		A30606CD1EE61A380036FEDA /* SelectImageViewController.swift in Sources */ = {isa = PBXBuildFile; fileRef = A30606CC1EE61A380036FEDA /* SelectImageViewController.swift */; };
		A307DADB1F0AE5C50032C19E /* libz.1.dylib in Frameworks */ = {isa = PBXBuildFile; fileRef = A307DAD91F0ACE1C0032C19E /* libz.1.dylib */; };
		A307DAE21F0AEFDB0032C19E /* tessdata in Resources */ = {isa = PBXBuildFile; fileRef = A307DAE11F0AEFDB0032C19E /* tessdata */; };
		A307DAE41F103D0C0032C19E /* PriceTableViewController.swift in Sources */ = {isa = PBXBuildFile; fileRef = A307DAE31F103D0C0032C19E /* PriceTableViewController.swift */; };
		A307DAE81F1055CC0032C19E /* ItemTableViewCell.swift in Sources */ = {isa = PBXBuildFile; fileRef = A307DAE71F1055CC0032C19E /* ItemTableViewCell.swift */; };
		A307DAEB1F14284B0032C19E /* Item.swift in Sources */ = {isa = PBXBuildFile; fileRef = A307DAEA1F14284B0032C19E /* Item.swift */; };
		A307DAEF1F14869B0032C19E /* AssignItemTableViewController.swift in Sources */ = {isa = PBXBuildFile; fileRef = A307DAEE1F14869B0032C19E /* AssignItemTableViewController.swift */; };
		A3B77BE01F1EBC200041C1E4 /* DefaultTableViewCell.swift in Sources */ = {isa = PBXBuildFile; fileRef = A3B77BDF1F1EBC200041C1E4 /* DefaultTableViewCell.swift */; };
		A3B77BE21F1EBC3E0041C1E4 /* ExpansionTableViewCell.swift in Sources */ = {isa = PBXBuildFile; fileRef = A3B77BE11F1EBC3E0041C1E4 /* ExpansionTableViewCell.swift */; };
		A3B77BE41F1EBC7A0041C1E4 /* AssignPeopleTableViewController.swift in Sources */ = {isa = PBXBuildFile; fileRef = A3B77BE31F1EBC7A0041C1E4 /* AssignPeopleTableViewController.swift */; };
		A3ED4A851F197B9F007B8FF4 /* Person.swift in Sources */ = {isa = PBXBuildFile; fileRef = A3ED4A841F197B9F007B8FF4 /* Person.swift */; };
		A3ED4A871F1AAACB007B8FF4 /* PopUpViewController.swift in Sources */ = {isa = PBXBuildFile; fileRef = A3ED4A861F1AAACB007B8FF4 /* PopUpViewController.swift */; };
		A3ED4A8D1F1AC10A007B8FF4 /* PeopleTableViewCell.swift in Sources */ = {isa = PBXBuildFile; fileRef = A3ED4A8C1F1AC10A007B8FF4 /* PeopleTableViewCell.swift */; };
/* End PBXBuildFile section */

/* Begin PBXFileReference section */
		59B04668E74B7AE648E89B43 /* Pods_BillSplit.framework */ = {isa = PBXFileReference; explicitFileType = wrapper.framework; includeInIndex = 0; path = Pods_BillSplit.framework; sourceTree = BUILT_PRODUCTS_DIR; };
		8588CA5CB1592BEE9AB33B48 /* Pods-BillSplit.debug.xcconfig */ = {isa = PBXFileReference; includeInIndex = 1; lastKnownFileType = text.xcconfig; name = "Pods-BillSplit.debug.xcconfig"; path = "Pods/Target Support Files/Pods-BillSplit/Pods-BillSplit.debug.xcconfig"; sourceTree = "<group>"; };
		8673C114A8A611EBE4099E0D /* Pods-BillSplit.release.xcconfig */ = {isa = PBXFileReference; includeInIndex = 1; lastKnownFileType = text.xcconfig; name = "Pods-BillSplit.release.xcconfig"; path = "Pods/Target Support Files/Pods-BillSplit/Pods-BillSplit.release.xcconfig"; sourceTree = "<group>"; };
		A30606B71EE616F60036FEDA /* BillSplit.app */ = {isa = PBXFileReference; explicitFileType = wrapper.application; includeInIndex = 0; path = BillSplit.app; sourceTree = BUILT_PRODUCTS_DIR; };
		A30606BA1EE616F60036FEDA /* AppDelegate.swift */ = {isa = PBXFileReference; lastKnownFileType = sourcecode.swift; path = AppDelegate.swift; sourceTree = "<group>"; };
		A30606BF1EE616F60036FEDA /* Base */ = {isa = PBXFileReference; lastKnownFileType = file.storyboard; name = Base; path = Base.lproj/Main.storyboard; sourceTree = "<group>"; };
		A30606C11EE616F60036FEDA /* Assets.xcassets */ = {isa = PBXFileReference; lastKnownFileType = folder.assetcatalog; path = Assets.xcassets; sourceTree = "<group>"; };
		A30606C41EE616F60036FEDA /* Base */ = {isa = PBXFileReference; lastKnownFileType = file.storyboard; name = Base; path = Base.lproj/LaunchScreen.storyboard; sourceTree = "<group>"; };
		A30606C61EE616F60036FEDA /* Info.plist */ = {isa = PBXFileReference; lastKnownFileType = text.plist.xml; path = Info.plist; sourceTree = "<group>"; };
		A30606CC1EE61A380036FEDA /* SelectImageViewController.swift */ = {isa = PBXFileReference; fileEncoding = 4; lastKnownFileType = sourcecode.swift; path = SelectImageViewController.swift; sourceTree = "<group>"; };
		A307DAD91F0ACE1C0032C19E /* libz.1.dylib */ = {isa = PBXFileReference; lastKnownFileType = "compiled.mach-o.dylib"; name = libz.1.dylib; path = ../../../../../usr/lib/libz.1.dylib; sourceTree = "<group>"; };
		A307DAE11F0AEFDB0032C19E /* tessdata */ = {isa = PBXFileReference; lastKnownFileType = folder; path = tessdata; sourceTree = "<group>"; };
		A307DAE31F103D0C0032C19E /* PriceTableViewController.swift */ = {isa = PBXFileReference; fileEncoding = 4; lastKnownFileType = sourcecode.swift; path = PriceTableViewController.swift; sourceTree = "<group>"; };
		A307DAE71F1055CC0032C19E /* ItemTableViewCell.swift */ = {isa = PBXFileReference; fileEncoding = 4; lastKnownFileType = sourcecode.swift; path = ItemTableViewCell.swift; sourceTree = "<group>"; };
		A307DAEA1F14284B0032C19E /* Item.swift */ = {isa = PBXFileReference; fileEncoding = 4; lastKnownFileType = sourcecode.swift; path = Item.swift; sourceTree = "<group>"; };
		A307DAEE1F14869B0032C19E /* AssignItemTableViewController.swift */ = {isa = PBXFileReference; fileEncoding = 4; lastKnownFileType = sourcecode.swift; path = AssignItemTableViewController.swift; sourceTree = "<group>"; };
		A3B77BDF1F1EBC200041C1E4 /* DefaultTableViewCell.swift */ = {isa = PBXFileReference; fileEncoding = 4; lastKnownFileType = sourcecode.swift; path = DefaultTableViewCell.swift; sourceTree = "<group>"; };
		A3B77BE11F1EBC3E0041C1E4 /* ExpansionTableViewCell.swift */ = {isa = PBXFileReference; fileEncoding = 4; lastKnownFileType = sourcecode.swift; path = ExpansionTableViewCell.swift; sourceTree = "<group>"; };
		A3B77BE31F1EBC7A0041C1E4 /* AssignPeopleTableViewController.swift */ = {isa = PBXFileReference; fileEncoding = 4; lastKnownFileType = sourcecode.swift; path = AssignPeopleTableViewController.swift; sourceTree = "<group>"; };
		A3ED4A841F197B9F007B8FF4 /* Person.swift */ = {isa = PBXFileReference; fileEncoding = 4; lastKnownFileType = sourcecode.swift; path = Person.swift; sourceTree = "<group>"; };
		A3ED4A861F1AAACB007B8FF4 /* PopUpViewController.swift */ = {isa = PBXFileReference; fileEncoding = 4; lastKnownFileType = sourcecode.swift; path = PopUpViewController.swift; sourceTree = "<group>"; };
		A3ED4A8C1F1AC10A007B8FF4 /* PeopleTableViewCell.swift */ = {isa = PBXFileReference; fileEncoding = 4; lastKnownFileType = sourcecode.swift; path = PeopleTableViewCell.swift; sourceTree = "<group>"; };
/* End PBXFileReference section */

/* Begin PBXFrameworksBuildPhase section */
		A30606B41EE616F60036FEDA /* Frameworks */ = {
			isa = PBXFrameworksBuildPhase;
			buildActionMask = 2147483647;
			files = (
				A307DADB1F0AE5C50032C19E /* libz.1.dylib in Frameworks */,
				27DCAB502910493B8C61C00E /* Pods_BillSplit.framework in Frameworks */,
			);
			runOnlyForDeploymentPostprocessing = 0;
		};
/* End PBXFrameworksBuildPhase section */

/* Begin PBXGroup section */
		439C3E609FBDDE7A5327C87B /* Frameworks */ = {
			isa = PBXGroup;
			children = (
				A307DAD91F0ACE1C0032C19E /* libz.1.dylib */,
				59B04668E74B7AE648E89B43 /* Pods_BillSplit.framework */,
			);
			name = Frameworks;
			sourceTree = "<group>";
		};
		A30606AE1EE616F60036FEDA = {
			isa = PBXGroup;
			children = (
				A30606B91EE616F60036FEDA /* BillSplit */,
				A30606B81EE616F60036FEDA /* Products */,
				439C3E609FBDDE7A5327C87B /* Frameworks */,
				A307DADC1F0AECBC0032C19E /* Supporting File */,
				F8140F2C09B1EC9E1A97B433 /* Pods */,
			);
			sourceTree = "<group>";
		};
		A30606B81EE616F60036FEDA /* Products */ = {
			isa = PBXGroup;
			children = (
				A30606B71EE616F60036FEDA /* BillSplit.app */,
			);
			name = Products;
			sourceTree = "<group>";
		};
		A30606B91EE616F60036FEDA /* BillSplit */ = {
			isa = PBXGroup;
			children = (
				A30606BA1EE616F60036FEDA /* AppDelegate.swift */,
				A307DAE61F1055090032C19E /* ViewController */,
				A307DAE51F1055020032C19E /* View */,
				A307DAE91F1428280032C19E /* Model */,
				A30606C11EE616F60036FEDA /* Assets.xcassets */,
				A30606C31EE616F60036FEDA /* LaunchScreen.storyboard */,
				A30606C61EE616F60036FEDA /* Info.plist */,
			);
			path = BillSplit;
			sourceTree = "<group>";
		};
		A307DADC1F0AECBC0032C19E /* Supporting File */ = {
			isa = PBXGroup;
			children = (
				A307DAE11F0AEFDB0032C19E /* tessdata */,
			);
			name = "Supporting File";
			sourceTree = "<group>";
		};
		A307DAE51F1055020032C19E /* View */ = {
			isa = PBXGroup;
			children = (
				A30606BE1EE616F60036FEDA /* Main.storyboard */,
				A307DAE71F1055CC0032C19E /* ItemTableViewCell.swift */,
				A3ED4A8C1F1AC10A007B8FF4 /* PeopleTableViewCell.swift */,
				A3B77BDF1F1EBC200041C1E4 /* DefaultTableViewCell.swift */,
				A3B77BE11F1EBC3E0041C1E4 /* ExpansionTableViewCell.swift */,
			);
			name = View;
			sourceTree = "<group>";
		};
		A307DAE61F1055090032C19E /* ViewController */ = {
			isa = PBXGroup;
			children = (
				A30606CC1EE61A380036FEDA /* SelectImageViewController.swift */,
				A307DAE31F103D0C0032C19E /* PriceTableViewController.swift */,
				A307DAEE1F14869B0032C19E /* AssignItemTableViewController.swift */,
				A3ED4A861F1AAACB007B8FF4 /* PopUpViewController.swift */,
				A3B77BE31F1EBC7A0041C1E4 /* AssignPeopleTableViewController.swift */,
			);
			name = ViewController;
			sourceTree = "<group>";
		};
		A307DAE91F1428280032C19E /* Model */ = {
			isa = PBXGroup;
			children = (
				A307DAEA1F14284B0032C19E /* Item.swift */,
				A3ED4A841F197B9F007B8FF4 /* Person.swift */,
			);
			name = Model;
			sourceTree = "<group>";
		};
		F8140F2C09B1EC9E1A97B433 /* Pods */ = {
			isa = PBXGroup;
			children = (
				8588CA5CB1592BEE9AB33B48 /* Pods-BillSplit.debug.xcconfig */,
				8673C114A8A611EBE4099E0D /* Pods-BillSplit.release.xcconfig */,
			);
			name = Pods;
			sourceTree = "<group>";
		};
/* End PBXGroup section */

/* Begin PBXNativeTarget section */
		A30606B61EE616F60036FEDA /* BillSplit */ = {
			isa = PBXNativeTarget;
			buildConfigurationList = A30606C91EE616F60036FEDA /* Build configuration list for PBXNativeTarget "BillSplit" */;
			buildPhases = (
				C1559C546B176C1394BFB287 /* [CP] Check Pods Manifest.lock */,
				A30606B31EE616F60036FEDA /* Sources */,
				A30606B41EE616F60036FEDA /* Frameworks */,
				A30606B51EE616F60036FEDA /* Resources */,
				23998576551E51665F676EAF /* [CP] Embed Pods Frameworks */,
				ED142ADE29EB465785E008AC /* [CP] Copy Pods Resources */,
			);
			buildRules = (
			);
			dependencies = (
			);
			name = BillSplit;
			productName = BillSplit;
			productReference = A30606B71EE616F60036FEDA /* BillSplit.app */;
			productType = "com.apple.product-type.application";
		};
/* End PBXNativeTarget section */

/* Begin PBXProject section */
		A30606AF1EE616F60036FEDA /* Project object */ = {
			isa = PBXProject;
			attributes = {
				LastSwiftUpdateCheck = 0830;
				LastUpgradeCheck = 0830;
				ORGANIZATIONNAME = "Vinh Vu";
				TargetAttributes = {
					A30606B61EE616F60036FEDA = {
						CreatedOnToolsVersion = 8.3.2;
						DevelopmentTeam = D4K35VTUJH;
						ProvisioningStyle = Automatic;
					};
				};
			};
			buildConfigurationList = A30606B21EE616F60036FEDA /* Build configuration list for PBXProject "BillSplit" */;
			compatibilityVersion = "Xcode 3.2";
			developmentRegion = English;
			hasScannedForEncodings = 0;
			knownRegions = (
				en,
				Base,
			);
			mainGroup = A30606AE1EE616F60036FEDA;
			productRefGroup = A30606B81EE616F60036FEDA /* Products */;
			projectDirPath = "";
			projectRoot = "";
			targets = (
				A30606B61EE616F60036FEDA /* BillSplit */,
			);
		};
/* End PBXProject section */

/* Begin PBXResourcesBuildPhase section */
		A30606B51EE616F60036FEDA /* Resources */ = {
			isa = PBXResourcesBuildPhase;
			buildActionMask = 2147483647;
			files = (
				A30606C51EE616F60036FEDA /* LaunchScreen.storyboard in Resources */,
				A307DAE21F0AEFDB0032C19E /* tessdata in Resources */,
				A30606C21EE616F60036FEDA /* Assets.xcassets in Resources */,
				A30606C01EE616F60036FEDA /* Main.storyboard in Resources */,
			);
			runOnlyForDeploymentPostprocessing = 0;
		};
/* End PBXResourcesBuildPhase section */

/* Begin PBXShellScriptBuildPhase section */
		23998576551E51665F676EAF /* [CP] Embed Pods Frameworks */ = {
			isa = PBXShellScriptBuildPhase;
			buildActionMask = 2147483647;
			files = (
			);
			inputPaths = (
			);
			name = "[CP] Embed Pods Frameworks";
			outputPaths = (
			);
			runOnlyForDeploymentPostprocessing = 0;
			shellPath = /bin/sh;
			shellScript = "\"${SRCROOT}/Pods/Target Support Files/Pods-BillSplit/Pods-BillSplit-frameworks.sh\"\n";
			showEnvVarsInLog = 0;
		};
		C1559C546B176C1394BFB287 /* [CP] Check Pods Manifest.lock */ = {
			isa = PBXShellScriptBuildPhase;
			buildActionMask = 2147483647;
			files = (
			);
			inputPaths = (
			);
			name = "[CP] Check Pods Manifest.lock";
			outputPaths = (
			);
			runOnlyForDeploymentPostprocessing = 0;
			shellPath = /bin/sh;
			shellScript = "diff \"${PODS_PODFILE_DIR_PATH}/Podfile.lock\" \"${PODS_ROOT}/Manifest.lock\" > /dev/null\nif [ $? != 0 ] ; then\n    # print error to STDERR\n    echo \"error: The sandbox is not in sync with the Podfile.lock. Run 'pod install' or update your CocoaPods installation.\" >&2\n    exit 1\nfi\n";
			showEnvVarsInLog = 0;
		};
		ED142ADE29EB465785E008AC /* [CP] Copy Pods Resources */ = {
			isa = PBXShellScriptBuildPhase;
			buildActionMask = 2147483647;
			files = (
			);
			inputPaths = (
			);
			name = "[CP] Copy Pods Resources";
			outputPaths = (
			);
			runOnlyForDeploymentPostprocessing = 0;
			shellPath = /bin/sh;
			shellScript = "\"${SRCROOT}/Pods/Target Support Files/Pods-BillSplit/Pods-BillSplit-resources.sh\"\n";
			showEnvVarsInLog = 0;
		};
/* End PBXShellScriptBuildPhase section */

/* Begin PBXSourcesBuildPhase section */
		A30606B31EE616F60036FEDA /* Sources */ = {
			isa = PBXSourcesBuildPhase;
			buildActionMask = 2147483647;
			files = (
				A3ED4A8D1F1AC10A007B8FF4 /* PeopleTableViewCell.swift in Sources */,
				A30606BB1EE616F60036FEDA /* AppDelegate.swift in Sources */,
				A30606CD1EE61A380036FEDA /* SelectImageViewController.swift in Sources */,
				A3B77BE41F1EBC7A0041C1E4 /* AssignPeopleTableViewController.swift in Sources */,
				A307DAE81F1055CC0032C19E /* ItemTableViewCell.swift in Sources */,
				A307DAEB1F14284B0032C19E /* Item.swift in Sources */,
				A3B77BE01F1EBC200041C1E4 /* DefaultTableViewCell.swift in Sources */,
				A307DAE41F103D0C0032C19E /* PriceTableViewController.swift in Sources */,
				A3ED4A851F197B9F007B8FF4 /* Person.swift in Sources */,
				A3ED4A871F1AAACB007B8FF4 /* PopUpViewController.swift in Sources */,
				A307DAEF1F14869B0032C19E /* AssignItemTableViewController.swift in Sources */,
				A3B77BE21F1EBC3E0041C1E4 /* ExpansionTableViewCell.swift in Sources */,
			);
			runOnlyForDeploymentPostprocessing = 0;
		};
/* End PBXSourcesBuildPhase section */

/* Begin PBXVariantGroup section */
		A30606BE1EE616F60036FEDA /* Main.storyboard */ = {
			isa = PBXVariantGroup;
			children = (
				A30606BF1EE616F60036FEDA /* Base */,
			);
			name = Main.storyboard;
			sourceTree = "<group>";
		};
		A30606C31EE616F60036FEDA /* LaunchScreen.storyboard */ = {
			isa = PBXVariantGroup;
			children = (
				A30606C41EE616F60036FEDA /* Base */,
			);
			name = LaunchScreen.storyboard;
			sourceTree = "<group>";
		};
/* End PBXVariantGroup section */

/* Begin XCBuildConfiguration section */
		A30606C71EE616F60036FEDA /* Debug */ = {
			isa = XCBuildConfiguration;
			buildSettings = {
				ALWAYS_SEARCH_USER_PATHS = NO;
				CLANG_ANALYZER_NONNULL = YES;
				CLANG_ANALYZER_NUMBER_OBJECT_CONVERSION = YES_AGGRESSIVE;
				CLANG_CXX_LANGUAGE_STANDARD = "gnu++0x";
				CLANG_CXX_LIBRARY = "libc++";
				CLANG_ENABLE_MODULES = YES;
				CLANG_ENABLE_OBJC_ARC = YES;
				CLANG_WARN_BOOL_CONVERSION = YES;
				CLANG_WARN_CONSTANT_CONVERSION = YES;
				CLANG_WARN_DIRECT_OBJC_ISA_USAGE = YES_ERROR;
				CLANG_WARN_DOCUMENTATION_COMMENTS = YES;
				CLANG_WARN_EMPTY_BODY = YES;
				CLANG_WARN_ENUM_CONVERSION = YES;
				CLANG_WARN_INFINITE_RECURSION = YES;
				CLANG_WARN_INT_CONVERSION = YES;
				CLANG_WARN_OBJC_ROOT_CLASS = YES_ERROR;
				CLANG_WARN_SUSPICIOUS_MOVE = YES;
				CLANG_WARN_UNREACHABLE_CODE = YES;
				CLANG_WARN__DUPLICATE_METHOD_MATCH = YES;
				"CODE_SIGN_IDENTITY[sdk=iphoneos*]" = "iPhone Developer";
				COPY_PHASE_STRIP = NO;
				DEBUG_INFORMATION_FORMAT = dwarf;
				ENABLE_STRICT_OBJC_MSGSEND = YES;
				ENABLE_TESTABILITY = YES;
				GCC_C_LANGUAGE_STANDARD = gnu99;
				GCC_DYNAMIC_NO_PIC = NO;
				GCC_NO_COMMON_BLOCKS = YES;
				GCC_OPTIMIZATION_LEVEL = 0;
				GCC_PREPROCESSOR_DEFINITIONS = (
					"DEBUG=1",
					"$(inherited)",
				);
				GCC_WARN_64_TO_32_BIT_CONVERSION = YES;
				GCC_WARN_ABOUT_RETURN_TYPE = YES_ERROR;
				GCC_WARN_UNDECLARED_SELECTOR = YES;
				GCC_WARN_UNINITIALIZED_AUTOS = YES_AGGRESSIVE;
				GCC_WARN_UNUSED_FUNCTION = YES;
				GCC_WARN_UNUSED_VARIABLE = YES;
				IPHONEOS_DEPLOYMENT_TARGET = 10.3;
				MTL_ENABLE_DEBUG_INFO = YES;
				ONLY_ACTIVE_ARCH = YES;
				SDKROOT = iphoneos;
				SWIFT_ACTIVE_COMPILATION_CONDITIONS = DEBUG;
				SWIFT_OPTIMIZATION_LEVEL = "-Onone";
				TARGETED_DEVICE_FAMILY = "1,2";
			};
			name = Debug;
		};
		A30606C81EE616F60036FEDA /* Release */ = {
			isa = XCBuildConfiguration;
			buildSettings = {
				ALWAYS_SEARCH_USER_PATHS = NO;
				CLANG_ANALYZER_NONNULL = YES;
				CLANG_ANALYZER_NUMBER_OBJECT_CONVERSION = YES_AGGRESSIVE;
				CLANG_CXX_LANGUAGE_STANDARD = "gnu++0x";
				CLANG_CXX_LIBRARY = "libc++";
				CLANG_ENABLE_MODULES = YES;
				CLANG_ENABLE_OBJC_ARC = YES;
				CLANG_WARN_BOOL_CONVERSION = YES;
				CLANG_WARN_CONSTANT_CONVERSION = YES;
				CLANG_WARN_DIRECT_OBJC_ISA_USAGE = YES_ERROR;
				CLANG_WARN_DOCUMENTATION_COMMENTS = YES;
				CLANG_WARN_EMPTY_BODY = YES;
				CLANG_WARN_ENUM_CONVERSION = YES;
				CLANG_WARN_INFINITE_RECURSION = YES;
				CLANG_WARN_INT_CONVERSION = YES;
				CLANG_WARN_OBJC_ROOT_CLASS = YES_ERROR;
				CLANG_WARN_SUSPICIOUS_MOVE = YES;
				CLANG_WARN_UNREACHABLE_CODE = YES;
				CLANG_WARN__DUPLICATE_METHOD_MATCH = YES;
				"CODE_SIGN_IDENTITY[sdk=iphoneos*]" = "iPhone Developer";
				COPY_PHASE_STRIP = NO;
				DEBUG_INFORMATION_FORMAT = "dwarf-with-dsym";
				ENABLE_NS_ASSERTIONS = NO;
				ENABLE_STRICT_OBJC_MSGSEND = YES;
				GCC_C_LANGUAGE_STANDARD = gnu99;
				GCC_NO_COMMON_BLOCKS = YES;
				GCC_WARN_64_TO_32_BIT_CONVERSION = YES;
				GCC_WARN_ABOUT_RETURN_TYPE = YES_ERROR;
				GCC_WARN_UNDECLARED_SELECTOR = YES;
				GCC_WARN_UNINITIALIZED_AUTOS = YES_AGGRESSIVE;
				GCC_WARN_UNUSED_FUNCTION = YES;
				GCC_WARN_UNUSED_VARIABLE = YES;
				IPHONEOS_DEPLOYMENT_TARGET = 10.3;
				MTL_ENABLE_DEBUG_INFO = NO;
				SDKROOT = iphoneos;
				SWIFT_OPTIMIZATION_LEVEL = "-Owholemodule";
				TARGETED_DEVICE_FAMILY = "1,2";
				VALIDATE_PRODUCT = YES;
			};
			name = Release;
		};
		A30606CA1EE616F60036FEDA /* Debug */ = {
			isa = XCBuildConfiguration;
			baseConfigurationReference = 8588CA5CB1592BEE9AB33B48 /* Pods-BillSplit.debug.xcconfig */;
			buildSettings = {
				ASSETCATALOG_COMPILER_APPICON_NAME = AppIcon;
				CLANG_WARN_DOCUMENTATION_COMMENTS = YES;
				DEVELOPMENT_TEAM = D4K35VTUJH;
				ENABLE_BITCODE = NO;
				INFOPLIST_FILE = BillSplit/Info.plist;
				IPHONEOS_DEPLOYMENT_TARGET = 10.3;
				LD_RUNPATH_SEARCH_PATHS = "$(inherited) @executable_path/Frameworks";
				PRODUCT_BUNDLE_IDENTIFIER = VinhVu.BillSplit;
				PRODUCT_NAME = "$(TARGET_NAME)";
				SWIFT_VERSION = 3.0;
			};
			name = Debug;
		};
		A30606CB1EE616F60036FEDA /* Release */ = {
			isa = XCBuildConfiguration;
			baseConfigurationReference = 8673C114A8A611EBE4099E0D /* Pods-BillSplit.release.xcconfig */;
			buildSettings = {
				ASSETCATALOG_COMPILER_APPICON_NAME = AppIcon;
				CLANG_WARN_DOCUMENTATION_COMMENTS = YES;
				DEVELOPMENT_TEAM = D4K35VTUJH;
				ENABLE_BITCODE = NO;
				INFOPLIST_FILE = BillSplit/Info.plist;
				IPHONEOS_DEPLOYMENT_TARGET = 10.3;
				LD_RUNPATH_SEARCH_PATHS = "$(inherited) @executable_path/Frameworks";
				PRODUCT_BUNDLE_IDENTIFIER = VinhVu.BillSplit;
				PRODUCT_NAME = "$(TARGET_NAME)";
				SWIFT_VERSION = 3.0;
			};
			name = Release;
		};
/* End XCBuildConfiguration section */

/* Begin XCConfigurationList section */
		A30606B21EE616F60036FEDA /* Build configuration list for PBXProject "BillSplit" */ = {
			isa = XCConfigurationList;
			buildConfigurations = (
				A30606C71EE616F60036FEDA /* Debug */,
				A30606C81EE616F60036FEDA /* Release */,
			);
			defaultConfigurationIsVisible = 0;
			defaultConfigurationName = Release;
		};
		A30606C91EE616F60036FEDA /* Build configuration list for PBXNativeTarget "BillSplit" */ = {
			isa = XCConfigurationList;
			buildConfigurations = (
				A30606CA1EE616F60036FEDA /* Debug */,
				A30606CB1EE616F60036FEDA /* Release */,
			);
			defaultConfigurationIsVisible = 0;
			defaultConfigurationName = Release;
		};
/* End XCConfigurationList section */
	};
	rootObject = A30606AF1EE616F60036FEDA /* Project object */;
}
